// !$*UTF8*$!
{
	archiveVersion = 1;
	classes = {
	};
	objectVersion = 50;
	objects = {

/* Begin PBXBuildFile section */
		401D637E21B62FE3008D6897 /* UIViewController+SB.swift in Sources */ = {isa = PBXBuildFile; fileRef = 401D637D21B62FE3008D6897 /* UIViewController+SB.swift */; };
		401D638021B63371008D6897 /* UIView+Frame.swift in Sources */ = {isa = PBXBuildFile; fileRef = 401D637F21B63371008D6897 /* UIView+Frame.swift */; };
		402330EA21DCA4A9009058E3 /* Bundle+Extension.swift in Sources */ = {isa = PBXBuildFile; fileRef = 402330E921DCA4A9009058E3 /* Bundle+Extension.swift */; };
		402330EC21DCBC5D009058E3 /* Downloader.swift in Sources */ = {isa = PBXBuildFile; fileRef = 402330EB21DCBC5D009058E3 /* Downloader.swift */; };
		402330EE21DCCA4D009058E3 /* cloud.json in Resources */ = {isa = PBXBuildFile; fileRef = 402330ED21DCCA4D009058E3 /* cloud.json */; };
		402B28BF21E4884D00BD83F7 /* ProjectFunction.swift in Sources */ = {isa = PBXBuildFile; fileRef = 402B28BE21E4884D00BD83F7 /* ProjectFunction.swift */; };
		402B291121E5948300BD83F7 /* FeedbackFunction.swift in Sources */ = {isa = PBXBuildFile; fileRef = 402B291021E5948200BD83F7 /* FeedbackFunction.swift */; };
		403453A521D0CA45009156B2 /* PhotoPickerActionViewController+DataSource.swift in Sources */ = {isa = PBXBuildFile; fileRef = 403453A421D0CA45009156B2 /* PhotoPickerActionViewController+DataSource.swift */; };
		403453C321D36724009156B2 /* ResizeTool.swift in Sources */ = {isa = PBXBuildFile; fileRef = 403453C221D36724009156B2 /* ResizeTool.swift */; };
		405B9E2A21BF914900462674 /* PhotoPickerConfig.swift in Sources */ = {isa = PBXBuildFile; fileRef = 405B9E2921BF914900462674 /* PhotoPickerConfig.swift */; };
		4065BDD421AB912D00C9DD2F /* AppDelegate.swift in Sources */ = {isa = PBXBuildFile; fileRef = 4065BDD321AB912D00C9DD2F /* AppDelegate.swift */; };
		4065BDD621AB912E00C9DD2F /* ViewController.swift in Sources */ = {isa = PBXBuildFile; fileRef = 4065BDD521AB912E00C9DD2F /* ViewController.swift */; };
		4065BDD921AB912E00C9DD2F /* Main.storyboard in Resources */ = {isa = PBXBuildFile; fileRef = 4065BDD721AB912E00C9DD2F /* Main.storyboard */; };
		4065BDDB21AB912E00C9DD2F /* Assets.xcassets in Resources */ = {isa = PBXBuildFile; fileRef = 4065BDDA21AB912E00C9DD2F /* Assets.xcassets */; };
		4065BDDE21AB912E00C9DD2F /* LaunchScreen.storyboard in Resources */ = {isa = PBXBuildFile; fileRef = 4065BDDC21AB912E00C9DD2F /* LaunchScreen.storyboard */; };
		4065BE0821AB916A00C9DD2F /* UIView+Nib.swift in Sources */ = {isa = PBXBuildFile; fileRef = 4065BDE721AB916900C9DD2F /* UIView+Nib.swift */; };
		4065BE0921AB916A00C9DD2F /* UIViewController+AddVC.swift in Sources */ = {isa = PBXBuildFile; fileRef = 4065BDE821AB916900C9DD2F /* UIViewController+AddVC.swift */; };
		4065BE0A21AB916A00C9DD2F /* UICollectionView+Extension.swift in Sources */ = {isa = PBXBuildFile; fileRef = 4065BDE921AB916900C9DD2F /* UICollectionView+Extension.swift */; };
		4065BE0B21AB916A00C9DD2F /* UITableView+Extension.swift in Sources */ = {isa = PBXBuildFile; fileRef = 4065BDEA21AB916900C9DD2F /* UITableView+Extension.swift */; };
		4065BE0C21AB916A00C9DD2F /* PhotoPickerViewController.swift in Sources */ = {isa = PBXBuildFile; fileRef = 4065BDEB21AB916900C9DD2F /* PhotoPickerViewController.swift */; };
		4065BE0E21AB916A00C9DD2F /* PhotoPickerAssetListViewController.swift in Sources */ = {isa = PBXBuildFile; fileRef = 4065BDED21AB916900C9DD2F /* PhotoPickerAssetListViewController.swift */; };
		4065BE0F21AB916A00C9DD2F /* PhotoPickerConfigManager.swift in Sources */ = {isa = PBXBuildFile; fileRef = 4065BDEF21AB916900C9DD2F /* PhotoPickerConfigManager.swift */; };
		4065BE1021AB916A00C9DD2F /* PhotoPickerActionViewController.swift in Sources */ = {isa = PBXBuildFile; fileRef = 4065BDF021AB916900C9DD2F /* PhotoPickerActionViewController.swift */; };
		4065BE1121AB916A00C9DD2F /* AlbumItem.swift in Sources */ = {isa = PBXBuildFile; fileRef = 4065BDF221AB916900C9DD2F /* AlbumItem.swift */; };
		4065BE1221AB916A00C9DD2F /* AssetItem.swift in Sources */ = {isa = PBXBuildFile; fileRef = 4065BDF321AB916900C9DD2F /* AssetItem.swift */; };
		4065BE1321AB916A00C9DD2F /* EditInfo.swift in Sources */ = {isa = PBXBuildFile; fileRef = 4065BDF421AB916900C9DD2F /* EditInfo.swift */; };
		4065BE1421AB916A00C9DD2F /* PhotoPickerAlbumListViewController.swift in Sources */ = {isa = PBXBuildFile; fileRef = 4065BDF521AB916900C9DD2F /* PhotoPickerAlbumListViewController.swift */; };
		4065BE1521AB916A00C9DD2F /* DividerView.swift in Sources */ = {isa = PBXBuildFile; fileRef = 4065BDF721AB916900C9DD2F /* DividerView.swift */; };
		4065BE1621AB916A00C9DD2F /* ScreenshotView.swift in Sources */ = {isa = PBXBuildFile; fileRef = 4065BDF821AB916900C9DD2F /* ScreenshotView.swift */; };
		4065BE1821AB916A00C9DD2F /* AlbumListCell.swift in Sources */ = {isa = PBXBuildFile; fileRef = 4065BDFA21AB916900C9DD2F /* AlbumListCell.swift */; };
		4065BE1921AB916A00C9DD2F /* AssetListCell.swift in Sources */ = {isa = PBXBuildFile; fileRef = 4065BDFB21AB916900C9DD2F /* AssetListCell.swift */; };
		4065BE1A21AB916A00C9DD2F /* EditView.swift in Sources */ = {isa = PBXBuildFile; fileRef = 4065BDFC21AB916900C9DD2F /* EditView.swift */; };
		4065BE1B21AB916A00C9DD2F /* Runtime.swift in Sources */ = {isa = PBXBuildFile; fileRef = 4065BDFE21AB916900C9DD2F /* Runtime.swift */; };
		4065BE1C21AB916A00C9DD2F /* ScreenshotTool.swift in Sources */ = {isa = PBXBuildFile; fileRef = 4065BDFF21AB916900C9DD2F /* ScreenshotTool.swift */; };
		4065BE1D21AB916A00C9DD2F /* PhotoLibrary+Extension.swift in Sources */ = {isa = PBXBuildFile; fileRef = 4065BE0021AB916900C9DD2F /* PhotoLibrary+Extension.swift */; };
		4065BE1E21AB916A00C9DD2F /* PhotoLibrary.swift in Sources */ = {isa = PBXBuildFile; fileRef = 4065BE0121AB916900C9DD2F /* PhotoLibrary.swift */; };
		4065BE1F21AB916A00C9DD2F /* AlbumListCell.xib in Resources */ = {isa = PBXBuildFile; fileRef = 4065BE0321AB916A00C9DD2F /* AlbumListCell.xib */; };
		4065BE2021AB916A00C9DD2F /* AssetListCell.xib in Resources */ = {isa = PBXBuildFile; fileRef = 4065BE0421AB916A00C9DD2F /* AssetListCell.xib */; };
		4065BE2221AB916A00C9DD2F /* PhotoPicker.storyboard in Resources */ = {isa = PBXBuildFile; fileRef = 4065BE0621AB916A00C9DD2F /* PhotoPicker.storyboard */; };
		4065BE2321AB916A00C9DD2F /* EditView.xib in Resources */ = {isa = PBXBuildFile; fileRef = 4065BE0721AB916A00C9DD2F /* EditView.xib */; };
		4065BE2721AB925800C9DD2F /* TestView.swift in Sources */ = {isa = PBXBuildFile; fileRef = 4065BE2621AB925800C9DD2F /* TestView.swift */; };
		4065BE2A21AB928600C9DD2F /* CollectionViewCell.swift in Sources */ = {isa = PBXBuildFile; fileRef = 4065BE2821AB928600C9DD2F /* CollectionViewCell.swift */; };
		4065BE2B21AB928600C9DD2F /* CollectionViewCell.xib in Resources */ = {isa = PBXBuildFile; fileRef = 4065BE2921AB928600C9DD2F /* CollectionViewCell.xib */; };
		4065BE3321AB962000C9DD2F /* TwoViewController.swift in Sources */ = {isa = PBXBuildFile; fileRef = 4065BE3221AB962000C9DD2F /* TwoViewController.swift */; };
		406F60ED21D6082300AA369D /* ic_iCloud.pdf in Resources */ = {isa = PBXBuildFile; fileRef = 406F60EC21D6082300AA369D /* ic_iCloud.pdf */; };
		408C23BF21B1343F00BF762A /* PhotoPickerViewController+Gesture.swift in Sources */ = {isa = PBXBuildFile; fileRef = 408C23BE21B1343F00BF762A /* PhotoPickerViewController+Gesture.swift */; };
		408C23C121B13BA600BF762A /* EditView+ScrollViewDelegate.swift in Sources */ = {isa = PBXBuildFile; fileRef = 408C23C021B13BA600BF762A /* EditView+ScrollViewDelegate.swift */; };
		408C23C421B22C3B00BF762A /* ThreeViewController.swift in Sources */ = {isa = PBXBuildFile; fileRef = 408C23C321B22C3B00BF762A /* ThreeViewController.swift */; };
		408C23C621B22C5E00BF762A /* TTView.swift in Sources */ = {isa = PBXBuildFile; fileRef = 408C23C521B22C5E00BF762A /* TTView.swift */; };
		408C23C821B22C6900BF762A /* TTView.xib in Resources */ = {isa = PBXBuildFile; fileRef = 408C23C721B22C6900BF762A /* TTView.xib */; };
		408C23CA21B2373900BF762A /* Calculate.swift in Sources */ = {isa = PBXBuildFile; fileRef = 408C23C921B2373900BF762A /* Calculate.swift */; };
		40DF138821ACE86F009EDCF9 /* UIImage+Extension.swift in Sources */ = {isa = PBXBuildFile; fileRef = 40DF138721ACE86F009EDCF9 /* UIImage+Extension.swift */; };
		40DF138E21ACEAB8009EDCF9 /* AlbumTitleView.swift in Sources */ = {isa = PBXBuildFile; fileRef = 40DF138D21ACEAB8009EDCF9 /* AlbumTitleView.swift */; };
		40E0A2AB21B8BEEA00883F62 /* UIView+Extension.swift in Sources */ = {isa = PBXBuildFile; fileRef = 40E0A2AA21B8BEEA00883F62 /* UIView+Extension.swift */; };
		40EB238821C8CB8B0004463F /* ic_proportion_post.pdf in Resources */ = {isa = PBXBuildFile; fileRef = 40EB238621C8CB8B0004463F /* ic_proportion_post.pdf */; };
		40EB238921C8CB8B0004463F /* ic_restore_post.pdf in Resources */ = {isa = PBXBuildFile; fileRef = 40EB238721C8CB8B0004463F /* ic_restore_post.pdf */; };
		40EB238B21C8CBF20004463F /* ic_close.pdf in Resources */ = {isa = PBXBuildFile; fileRef = 40EB238A21C8CBF20004463F /* ic_close.pdf */; };
		40EB238D21C8CC2D0004463F /* ic_arrow_up.pdf in Resources */ = {isa = PBXBuildFile; fileRef = 40EB238C21C8CC2D0004463F /* ic_arrow_up.pdf */; };
		40EB238F21C8CC570004463F /* ic_arrow_down.pdf in Resources */ = {isa = PBXBuildFile; fileRef = 40EB238E21C8CC570004463F /* ic_arrow_down.pdf */; };
		40F39EA221B5262D00891B82 /* Export.swift in Sources */ = {isa = PBXBuildFile; fileRef = 40F39EA121B5262D00891B82 /* Export.swift */; };
		D87652820AFDD8075644468F /* Pods_PhotoPicker.framework in Frameworks */ = {isa = PBXBuildFile; fileRef = 96D862E723A707794ACB01F9 /* Pods_PhotoPicker.framework */; };
/* End PBXBuildFile section */

/* Begin PBXFileReference section */
		401D637D21B62FE3008D6897 /* UIViewController+SB.swift */ = {isa = PBXFileReference; lastKnownFileType = sourcecode.swift; path = "UIViewController+SB.swift"; sourceTree = "<group>"; };
		401D637F21B63371008D6897 /* UIView+Frame.swift */ = {isa = PBXFileReference; lastKnownFileType = sourcecode.swift; path = "UIView+Frame.swift"; sourceTree = "<group>"; };
		402330E921DCA4A9009058E3 /* Bundle+Extension.swift */ = {isa = PBXFileReference; lastKnownFileType = sourcecode.swift; path = "Bundle+Extension.swift"; sourceTree = "<group>"; };
		402330EB21DCBC5D009058E3 /* Downloader.swift */ = {isa = PBXFileReference; lastKnownFileType = sourcecode.swift; path = Downloader.swift; sourceTree = "<group>"; };
		402330ED21DCCA4D009058E3 /* cloud.json */ = {isa = PBXFileReference; fileEncoding = 4; lastKnownFileType = text.json; path = cloud.json; sourceTree = "<group>"; };
		402330F121DDF868009058E3 /* zh-Hans */ = {isa = PBXFileReference; lastKnownFileType = text.plist.strings; name = "zh-Hans"; path = "zh-Hans.lproj/Main.strings"; sourceTree = "<group>"; };
		402330F221DDF868009058E3 /* zh-Hans */ = {isa = PBXFileReference; lastKnownFileType = text.plist.strings; name = "zh-Hans"; path = "zh-Hans.lproj/LaunchScreen.strings"; sourceTree = "<group>"; };
		402B28BE21E4884D00BD83F7 /* ProjectFunction.swift */ = {isa = PBXFileReference; lastKnownFileType = sourcecode.swift; path = ProjectFunction.swift; sourceTree = "<group>"; };
		402B291021E5948200BD83F7 /* FeedbackFunction.swift */ = {isa = PBXFileReference; fileEncoding = 4; lastKnownFileType = sourcecode.swift; path = FeedbackFunction.swift; sourceTree = "<group>"; };
		403453A421D0CA45009156B2 /* PhotoPickerActionViewController+DataSource.swift */ = {isa = PBXFileReference; lastKnownFileType = sourcecode.swift; path = "PhotoPickerActionViewController+DataSource.swift"; sourceTree = "<group>"; };
		403453C221D36724009156B2 /* ResizeTool.swift */ = {isa = PBXFileReference; lastKnownFileType = sourcecode.swift; path = ResizeTool.swift; sourceTree = "<group>"; };
		405B9E2921BF914900462674 /* PhotoPickerConfig.swift */ = {isa = PBXFileReference; lastKnownFileType = sourcecode.swift; path = PhotoPickerConfig.swift; sourceTree = "<group>"; };
		4065BDD021AB912D00C9DD2F /* PhotoPicker.app */ = {isa = PBXFileReference; explicitFileType = wrapper.application; includeInIndex = 0; path = PhotoPicker.app; sourceTree = BUILT_PRODUCTS_DIR; };
		4065BDD321AB912D00C9DD2F /* AppDelegate.swift */ = {isa = PBXFileReference; lastKnownFileType = sourcecode.swift; path = AppDelegate.swift; sourceTree = "<group>"; };
		4065BDD521AB912E00C9DD2F /* ViewController.swift */ = {isa = PBXFileReference; lastKnownFileType = sourcecode.swift; path = ViewController.swift; sourceTree = "<group>"; };
		4065BDD821AB912E00C9DD2F /* Base */ = {isa = PBXFileReference; lastKnownFileType = file.storyboard; name = Base; path = Base.lproj/Main.storyboard; sourceTree = "<group>"; };
		4065BDDA21AB912E00C9DD2F /* Assets.xcassets */ = {isa = PBXFileReference; lastKnownFileType = folder.assetcatalog; path = Assets.xcassets; sourceTree = "<group>"; };
		4065BDDD21AB912E00C9DD2F /* Base */ = {isa = PBXFileReference; lastKnownFileType = file.storyboard; name = Base; path = Base.lproj/LaunchScreen.storyboard; sourceTree = "<group>"; };
		4065BDDF21AB912E00C9DD2F /* Info.plist */ = {isa = PBXFileReference; lastKnownFileType = text.plist.xml; path = Info.plist; sourceTree = "<group>"; };
		4065BDE721AB916900C9DD2F /* UIView+Nib.swift */ = {isa = PBXFileReference; fileEncoding = 4; lastKnownFileType = sourcecode.swift; path = "UIView+Nib.swift"; sourceTree = "<group>"; };
		4065BDE821AB916900C9DD2F /* UIViewController+AddVC.swift */ = {isa = PBXFileReference; fileEncoding = 4; lastKnownFileType = sourcecode.swift; path = "UIViewController+AddVC.swift"; sourceTree = "<group>"; };
		4065BDE921AB916900C9DD2F /* UICollectionView+Extension.swift */ = {isa = PBXFileReference; fileEncoding = 4; lastKnownFileType = sourcecode.swift; path = "UICollectionView+Extension.swift"; sourceTree = "<group>"; };
		4065BDEA21AB916900C9DD2F /* UITableView+Extension.swift */ = {isa = PBXFileReference; fileEncoding = 4; lastKnownFileType = sourcecode.swift; path = "UITableView+Extension.swift"; sourceTree = "<group>"; };
		4065BDEB21AB916900C9DD2F /* PhotoPickerViewController.swift */ = {isa = PBXFileReference; fileEncoding = 4; lastKnownFileType = sourcecode.swift; path = PhotoPickerViewController.swift; sourceTree = "<group>"; };
		4065BDED21AB916900C9DD2F /* PhotoPickerAssetListViewController.swift */ = {isa = PBXFileReference; fileEncoding = 4; lastKnownFileType = sourcecode.swift; path = PhotoPickerAssetListViewController.swift; sourceTree = "<group>"; };
		4065BDEF21AB916900C9DD2F /* PhotoPickerConfigManager.swift */ = {isa = PBXFileReference; fileEncoding = 4; lastKnownFileType = sourcecode.swift; path = PhotoPickerConfigManager.swift; sourceTree = "<group>"; };
		4065BDF021AB916900C9DD2F /* PhotoPickerActionViewController.swift */ = {isa = PBXFileReference; fileEncoding = 4; lastKnownFileType = sourcecode.swift; path = PhotoPickerActionViewController.swift; sourceTree = "<group>"; };
		4065BDF221AB916900C9DD2F /* AlbumItem.swift */ = {isa = PBXFileReference; fileEncoding = 4; lastKnownFileType = sourcecode.swift; path = AlbumItem.swift; sourceTree = "<group>"; };
		4065BDF321AB916900C9DD2F /* AssetItem.swift */ = {isa = PBXFileReference; fileEncoding = 4; lastKnownFileType = sourcecode.swift; path = AssetItem.swift; sourceTree = "<group>"; };
		4065BDF421AB916900C9DD2F /* EditInfo.swift */ = {isa = PBXFileReference; fileEncoding = 4; lastKnownFileType = sourcecode.swift; path = EditInfo.swift; sourceTree = "<group>"; };
		4065BDF521AB916900C9DD2F /* PhotoPickerAlbumListViewController.swift */ = {isa = PBXFileReference; fileEncoding = 4; lastKnownFileType = sourcecode.swift; path = PhotoPickerAlbumListViewController.swift; sourceTree = "<group>"; };
		4065BDF721AB916900C9DD2F /* DividerView.swift */ = {isa = PBXFileReference; fileEncoding = 4; lastKnownFileType = sourcecode.swift; path = DividerView.swift; sourceTree = "<group>"; };
		4065BDF821AB916900C9DD2F /* ScreenshotView.swift */ = {isa = PBXFileReference; fileEncoding = 4; lastKnownFileType = sourcecode.swift; path = ScreenshotView.swift; sourceTree = "<group>"; };
		4065BDFA21AB916900C9DD2F /* AlbumListCell.swift */ = {isa = PBXFileReference; fileEncoding = 4; lastKnownFileType = sourcecode.swift; path = AlbumListCell.swift; sourceTree = "<group>"; };
		4065BDFB21AB916900C9DD2F /* AssetListCell.swift */ = {isa = PBXFileReference; fileEncoding = 4; lastKnownFileType = sourcecode.swift; path = AssetListCell.swift; sourceTree = "<group>"; };
		4065BDFC21AB916900C9DD2F /* EditView.swift */ = {isa = PBXFileReference; fileEncoding = 4; lastKnownFileType = sourcecode.swift; path = EditView.swift; sourceTree = "<group>"; };
		4065BDFE21AB916900C9DD2F /* Runtime.swift */ = {isa = PBXFileReference; fileEncoding = 4; lastKnownFileType = sourcecode.swift; path = Runtime.swift; sourceTree = "<group>"; };
		4065BDFF21AB916900C9DD2F /* ScreenshotTool.swift */ = {isa = PBXFileReference; fileEncoding = 4; lastKnownFileType = sourcecode.swift; path = ScreenshotTool.swift; sourceTree = "<group>"; };
		4065BE0021AB916900C9DD2F /* PhotoLibrary+Extension.swift */ = {isa = PBXFileReference; fileEncoding = 4; lastKnownFileType = sourcecode.swift; path = "PhotoLibrary+Extension.swift"; sourceTree = "<group>"; };
		4065BE0121AB916900C9DD2F /* PhotoLibrary.swift */ = {isa = PBXFileReference; fileEncoding = 4; lastKnownFileType = sourcecode.swift; path = PhotoLibrary.swift; sourceTree = "<group>"; };
		4065BE0321AB916A00C9DD2F /* AlbumListCell.xib */ = {isa = PBXFileReference; fileEncoding = 4; lastKnownFileType = file.xib; path = AlbumListCell.xib; sourceTree = "<group>"; };
		4065BE0421AB916A00C9DD2F /* AssetListCell.xib */ = {isa = PBXFileReference; fileEncoding = 4; lastKnownFileType = file.xib; path = AssetListCell.xib; sourceTree = "<group>"; };
		4065BE0621AB916A00C9DD2F /* PhotoPicker.storyboard */ = {isa = PBXFileReference; fileEncoding = 4; lastKnownFileType = file.storyboard; path = PhotoPicker.storyboard; sourceTree = "<group>"; };
		4065BE0721AB916A00C9DD2F /* EditView.xib */ = {isa = PBXFileReference; fileEncoding = 4; lastKnownFileType = file.xib; path = EditView.xib; sourceTree = "<group>"; };
		4065BE2621AB925800C9DD2F /* TestView.swift */ = {isa = PBXFileReference; fileEncoding = 4; lastKnownFileType = sourcecode.swift; path = TestView.swift; sourceTree = "<group>"; };
		4065BE2821AB928600C9DD2F /* CollectionViewCell.swift */ = {isa = PBXFileReference; fileEncoding = 4; lastKnownFileType = sourcecode.swift; path = CollectionViewCell.swift; sourceTree = "<group>"; };
		4065BE2921AB928600C9DD2F /* CollectionViewCell.xib */ = {isa = PBXFileReference; fileEncoding = 4; lastKnownFileType = file.xib; path = CollectionViewCell.xib; sourceTree = "<group>"; };
		4065BE3221AB962000C9DD2F /* TwoViewController.swift */ = {isa = PBXFileReference; lastKnownFileType = sourcecode.swift; path = TwoViewController.swift; sourceTree = "<group>"; };
		406F60EC21D6082300AA369D /* ic_iCloud.pdf */ = {isa = PBXFileReference; lastKnownFileType = image.pdf; path = ic_iCloud.pdf; sourceTree = "<group>"; };
		408C23BE21B1343F00BF762A /* PhotoPickerViewController+Gesture.swift */ = {isa = PBXFileReference; lastKnownFileType = sourcecode.swift; path = "PhotoPickerViewController+Gesture.swift"; sourceTree = "<group>"; };
		408C23C021B13BA600BF762A /* EditView+ScrollViewDelegate.swift */ = {isa = PBXFileReference; lastKnownFileType = sourcecode.swift; path = "EditView+ScrollViewDelegate.swift"; sourceTree = "<group>"; };
		408C23C321B22C3B00BF762A /* ThreeViewController.swift */ = {isa = PBXFileReference; lastKnownFileType = sourcecode.swift; path = ThreeViewController.swift; sourceTree = "<group>"; };
		408C23C521B22C5E00BF762A /* TTView.swift */ = {isa = PBXFileReference; lastKnownFileType = sourcecode.swift; path = TTView.swift; sourceTree = "<group>"; };
		408C23C721B22C6900BF762A /* TTView.xib */ = {isa = PBXFileReference; lastKnownFileType = file.xib; path = TTView.xib; sourceTree = "<group>"; };
		408C23C921B2373900BF762A /* Calculate.swift */ = {isa = PBXFileReference; lastKnownFileType = sourcecode.swift; path = Calculate.swift; sourceTree = "<group>"; };
		40DF138721ACE86F009EDCF9 /* UIImage+Extension.swift */ = {isa = PBXFileReference; lastKnownFileType = sourcecode.swift; path = "UIImage+Extension.swift"; sourceTree = "<group>"; };
		40DF138D21ACEAB8009EDCF9 /* AlbumTitleView.swift */ = {isa = PBXFileReference; lastKnownFileType = sourcecode.swift; path = AlbumTitleView.swift; sourceTree = "<group>"; };
		40E0A2AA21B8BEEA00883F62 /* UIView+Extension.swift */ = {isa = PBXFileReference; fileEncoding = 4; lastKnownFileType = sourcecode.swift; path = "UIView+Extension.swift"; sourceTree = "<group>"; };
		40EB238621C8CB8B0004463F /* ic_proportion_post.pdf */ = {isa = PBXFileReference; lastKnownFileType = image.pdf; path = ic_proportion_post.pdf; sourceTree = "<group>"; };
		40EB238721C8CB8B0004463F /* ic_restore_post.pdf */ = {isa = PBXFileReference; lastKnownFileType = image.pdf; path = ic_restore_post.pdf; sourceTree = "<group>"; };
		40EB238A21C8CBF20004463F /* ic_close.pdf */ = {isa = PBXFileReference; lastKnownFileType = image.pdf; path = ic_close.pdf; sourceTree = "<group>"; };
		40EB238C21C8CC2D0004463F /* ic_arrow_up.pdf */ = {isa = PBXFileReference; lastKnownFileType = image.pdf; path = ic_arrow_up.pdf; sourceTree = "<group>"; };
		40EB238E21C8CC570004463F /* ic_arrow_down.pdf */ = {isa = PBXFileReference; lastKnownFileType = image.pdf; path = ic_arrow_down.pdf; sourceTree = "<group>"; };
		40F39EA121B5262D00891B82 /* Export.swift */ = {isa = PBXFileReference; lastKnownFileType = sourcecode.swift; path = Export.swift; sourceTree = "<group>"; };
		4DAE2DB6C7858BF91D89D7D1 /* Pods-PhotoPicker.release.xcconfig */ = {isa = PBXFileReference; includeInIndex = 1; lastKnownFileType = text.xcconfig; name = "Pods-PhotoPicker.release.xcconfig"; path = "Target Support Files/Pods-PhotoPicker/Pods-PhotoPicker.release.xcconfig"; sourceTree = "<group>"; };
		96D862E723A707794ACB01F9 /* Pods_PhotoPicker.framework */ = {isa = PBXFileReference; explicitFileType = wrapper.framework; includeInIndex = 0; path = Pods_PhotoPicker.framework; sourceTree = BUILT_PRODUCTS_DIR; };
		FA5E209C8B04CA2D9A1B381E /* Pods-PhotoPicker.debug.xcconfig */ = {isa = PBXFileReference; includeInIndex = 1; lastKnownFileType = text.xcconfig; name = "Pods-PhotoPicker.debug.xcconfig"; path = "Target Support Files/Pods-PhotoPicker/Pods-PhotoPicker.debug.xcconfig"; sourceTree = "<group>"; };
/* End PBXFileReference section */

/* Begin PBXFrameworksBuildPhase section */
		4065BDCD21AB912D00C9DD2F /* Frameworks */ = {
			isa = PBXFrameworksBuildPhase;
			buildActionMask = 2147483647;
			files = (
				D87652820AFDD8075644468F /* Pods_PhotoPicker.framework in Frameworks */,
			);
			runOnlyForDeploymentPostprocessing = 0;
		};
/* End PBXFrameworksBuildPhase section */

/* Begin PBXGroup section */
		405B9E2821BF913700462674 /* Config */ = {
			isa = PBXGroup;
			children = (
				405B9E2921BF914900462674 /* PhotoPickerConfig.swift */,
			);
			path = Config;
			sourceTree = "<group>";
		};
		4065BDC721AB912D00C9DD2F = {
			isa = PBXGroup;
			children = (
				4065BDD221AB912D00C9DD2F /* PhotoPicker */,
				4065BDD121AB912D00C9DD2F /* Products */,
				AA81C8689C18FA8FB1398EE8 /* Pods */,
				88CEEAE95C1AA4532D1B4D13 /* Frameworks */,
			);
			sourceTree = "<group>";
		};
		4065BDD121AB912D00C9DD2F /* Products */ = {
			isa = PBXGroup;
			children = (
				4065BDD021AB912D00C9DD2F /* PhotoPicker.app */,
			);
			name = Products;
			sourceTree = "<group>";
		};
		4065BDD221AB912D00C9DD2F /* PhotoPicker */ = {
			isa = PBXGroup;
			children = (
				4065BE2C21AB929700C9DD2F /* Test */,
				4065BE0221AB916A00C9DD2F /* Assets */,
				4065BDE521AB916900C9DD2F /* Classes */,
				4065BDD321AB912D00C9DD2F /* AppDelegate.swift */,
				4065BDD521AB912E00C9DD2F /* ViewController.swift */,
				4065BDD721AB912E00C9DD2F /* Main.storyboard */,
				4065BDDA21AB912E00C9DD2F /* Assets.xcassets */,
				4065BDDC21AB912E00C9DD2F /* LaunchScreen.storyboard */,
				4065BDDF21AB912E00C9DD2F /* Info.plist */,
			);
			path = PhotoPicker;
			sourceTree = "<group>";
		};
		4065BDE521AB916900C9DD2F /* Classes */ = {
			isa = PBXGroup;
			children = (
				405B9E2821BF913700462674 /* Config */,
				408C23C221B1492600BF762A /* Controller */,
				4065BDE621AB916900C9DD2F /* Extension */,
				4065BDEE21AB916900C9DD2F /* Manager */,
				4065BDF121AB916900C9DD2F /* Model */,
				4065BDFD21AB916900C9DD2F /* Tool */,
				4065BDF621AB916900C9DD2F /* Views */,
			);
			path = Classes;
			sourceTree = "<group>";
		};
		4065BDE621AB916900C9DD2F /* Extension */ = {
			isa = PBXGroup;
			children = (
				408C23C021B13BA600BF762A /* EditView+ScrollViewDelegate.swift */,
				403453A421D0CA45009156B2 /* PhotoPickerActionViewController+DataSource.swift */,
				408C23BE21B1343F00BF762A /* PhotoPickerViewController+Gesture.swift */,
				4065BDE921AB916900C9DD2F /* UICollectionView+Extension.swift */,
				40DF138721ACE86F009EDCF9 /* UIImage+Extension.swift */,
				4065BDEA21AB916900C9DD2F /* UITableView+Extension.swift */,
				401D637F21B63371008D6897 /* UIView+Frame.swift */,
				4065BDE721AB916900C9DD2F /* UIView+Nib.swift */,
				4065BDE821AB916900C9DD2F /* UIViewController+AddVC.swift */,
				401D637D21B62FE3008D6897 /* UIViewController+SB.swift */,
				402330E921DCA4A9009058E3 /* Bundle+Extension.swift */,
			);
			path = Extension;
			sourceTree = "<group>";
		};
		4065BDEE21AB916900C9DD2F /* Manager */ = {
			isa = PBXGroup;
			children = (
				4065BDEF21AB916900C9DD2F /* PhotoPickerConfigManager.swift */,
			);
			path = Manager;
			sourceTree = "<group>";
		};
		4065BDF121AB916900C9DD2F /* Model */ = {
			isa = PBXGroup;
			children = (
				4065BDF221AB916900C9DD2F /* AlbumItem.swift */,
				4065BDF321AB916900C9DD2F /* AssetItem.swift */,
				4065BDF421AB916900C9DD2F /* EditInfo.swift */,
			);
			path = Model;
			sourceTree = "<group>";
		};
		4065BDF621AB916900C9DD2F /* Views */ = {
			isa = PBXGroup;
			children = (
				4065BDFA21AB916900C9DD2F /* AlbumListCell.swift */,
				40DF138D21ACEAB8009EDCF9 /* AlbumTitleView.swift */,
				4065BDFB21AB916900C9DD2F /* AssetListCell.swift */,
				4065BDF721AB916900C9DD2F /* DividerView.swift */,
				4065BDFC21AB916900C9DD2F /* EditView.swift */,
				4065BDF821AB916900C9DD2F /* ScreenshotView.swift */,
			);
			path = Views;
			sourceTree = "<group>";
		};
		4065BDFD21AB916900C9DD2F /* Tool */ = {
			isa = PBXGroup;
			children = (
				408C23C921B2373900BF762A /* Calculate.swift */,
				402330EB21DCBC5D009058E3 /* Downloader.swift */,
				40F39EA121B5262D00891B82 /* Export.swift */,
				402B291021E5948200BD83F7 /* FeedbackFunction.swift */,
				4065BE0121AB916900C9DD2F /* PhotoLibrary.swift */,
				4065BE0021AB916900C9DD2F /* PhotoLibrary+Extension.swift */,
				402B28BE21E4884D00BD83F7 /* ProjectFunction.swift */,
				403453C221D36724009156B2 /* ResizeTool.swift */,
				4065BDFE21AB916900C9DD2F /* Runtime.swift */,
				4065BDFF21AB916900C9DD2F /* ScreenshotTool.swift */,
			);
			path = Tool;
			sourceTree = "<group>";
		};
		4065BE0221AB916A00C9DD2F /* Assets */ = {
			isa = PBXGroup;
			children = (
				402330ED21DCCA4D009058E3 /* cloud.json */,
				4065BE0321AB916A00C9DD2F /* AlbumListCell.xib */,
				4065BE0421AB916A00C9DD2F /* AssetListCell.xib */,
				4065BE0721AB916A00C9DD2F /* EditView.xib */,
				40EB238E21C8CC570004463F /* ic_arrow_down.pdf */,
				40EB238C21C8CC2D0004463F /* ic_arrow_up.pdf */,
				40EB238A21C8CBF20004463F /* ic_close.pdf */,
				406F60EC21D6082300AA369D /* ic_iCloud.pdf */,
				40EB238621C8CB8B0004463F /* ic_proportion_post.pdf */,
				40EB238721C8CB8B0004463F /* ic_restore_post.pdf */,
				4065BE0621AB916A00C9DD2F /* PhotoPicker.storyboard */,
			);
			path = Assets;
			sourceTree = "<group>";
		};
		4065BE2C21AB929700C9DD2F /* Test */ = {
			isa = PBXGroup;
			children = (
				40E0A2A921B8BEEA00883F62 /* Extension */,
				4065BE3121AB961000C9DD2F /* Views */,
				4065BE3021AB960B00C9DD2F /* Controllers */,
			);
			path = Test;
			sourceTree = "<group>";
		};
		4065BE3021AB960B00C9DD2F /* Controllers */ = {
			isa = PBXGroup;
			children = (
				4065BE3221AB962000C9DD2F /* TwoViewController.swift */,
				408C23C321B22C3B00BF762A /* ThreeViewController.swift */,
			);
			path = Controllers;
			sourceTree = "<group>";
		};
		4065BE3121AB961000C9DD2F /* Views */ = {
			isa = PBXGroup;
			children = (
				4065BE2621AB925800C9DD2F /* TestView.swift */,
				4065BE2821AB928600C9DD2F /* CollectionViewCell.swift */,
				4065BE2921AB928600C9DD2F /* CollectionViewCell.xib */,
				408C23C521B22C5E00BF762A /* TTView.swift */,
				408C23C721B22C6900BF762A /* TTView.xib */,
			);
			path = Views;
			sourceTree = "<group>";
		};
		408C23C221B1492600BF762A /* Controller */ = {
			isa = PBXGroup;
			children = (
				4065BDF021AB916900C9DD2F /* PhotoPickerActionViewController.swift */,
				4065BDF521AB916900C9DD2F /* PhotoPickerAlbumListViewController.swift */,
				4065BDED21AB916900C9DD2F /* PhotoPickerAssetListViewController.swift */,
				4065BDEB21AB916900C9DD2F /* PhotoPickerViewController.swift */,
			);
			path = Controller;
			sourceTree = "<group>";
		};
		40E0A2A921B8BEEA00883F62 /* Extension */ = {
			isa = PBXGroup;
			children = (
				40E0A2AA21B8BEEA00883F62 /* UIView+Extension.swift */,
			);
			path = Extension;
			sourceTree = "<group>";
		};
		88CEEAE95C1AA4532D1B4D13 /* Frameworks */ = {
			isa = PBXGroup;
			children = (
				96D862E723A707794ACB01F9 /* Pods_PhotoPicker.framework */,
			);
			name = Frameworks;
			sourceTree = "<group>";
		};
		AA81C8689C18FA8FB1398EE8 /* Pods */ = {
			isa = PBXGroup;
			children = (
				FA5E209C8B04CA2D9A1B381E /* Pods-PhotoPicker.debug.xcconfig */,
				4DAE2DB6C7858BF91D89D7D1 /* Pods-PhotoPicker.release.xcconfig */,
			);
			path = Pods;
			sourceTree = "<group>";
		};
/* End PBXGroup section */

/* Begin PBXNativeTarget section */
		4065BDCF21AB912D00C9DD2F /* PhotoPicker */ = {
			isa = PBXNativeTarget;
			buildConfigurationList = 4065BDE221AB912E00C9DD2F /* Build configuration list for PBXNativeTarget "PhotoPicker" */;
			buildPhases = (
				108C02BD4E127007AB6E0399 /* [CP] Check Pods Manifest.lock */,
				4065BDCC21AB912D00C9DD2F /* Sources */,
				4065BDCD21AB912D00C9DD2F /* Frameworks */,
				4065BDCE21AB912D00C9DD2F /* Resources */,
				9C2276AB0070911CCBF3C9BD /* [CP] Embed Pods Frameworks */,
			);
			buildRules = (
			);
			dependencies = (
			);
			name = PhotoPicker;
			productName = PhotoPicker;
			productReference = 4065BDD021AB912D00C9DD2F /* PhotoPicker.app */;
			productType = "com.apple.product-type.application";
		};
/* End PBXNativeTarget section */

/* Begin PBXProject section */
		4065BDC821AB912D00C9DD2F /* Project object */ = {
			isa = PBXProject;
			attributes = {
				LastSwiftUpdateCheck = 1010;
				LastUpgradeCheck = 1010;
				ORGANIZATIONNAME = wave;
				TargetAttributes = {
					4065BDCF21AB912D00C9DD2F = {
						CreatedOnToolsVersion = 10.1;
					};
				};
			};
			buildConfigurationList = 4065BDCB21AB912D00C9DD2F /* Build configuration list for PBXProject "PhotoPicker" */;
			compatibilityVersion = "Xcode 9.3";
			developmentRegion = en;
			hasScannedForEncodings = 0;
			knownRegions = (
				en,
				Base,
			);
			mainGroup = 4065BDC721AB912D00C9DD2F;
			productRefGroup = 4065BDD121AB912D00C9DD2F /* Products */;
			projectDirPath = "";
			projectRoot = "";
			targets = (
				4065BDCF21AB912D00C9DD2F /* PhotoPicker */,
			);
		};
/* End PBXProject section */

/* Begin PBXResourcesBuildPhase section */
		4065BDCE21AB912D00C9DD2F /* Resources */ = {
			isa = PBXResourcesBuildPhase;
			buildActionMask = 2147483647;
			files = (
				40EB238921C8CB8B0004463F /* ic_restore_post.pdf in Resources */,
				4065BE2321AB916A00C9DD2F /* EditView.xib in Resources */,
				40EB238B21C8CBF20004463F /* ic_close.pdf in Resources */,
				40EB238821C8CB8B0004463F /* ic_proportion_post.pdf in Resources */,
				40EB238F21C8CC570004463F /* ic_arrow_down.pdf in Resources */,
				40EB238D21C8CC2D0004463F /* ic_arrow_up.pdf in Resources */,
				408C23C821B22C6900BF762A /* TTView.xib in Resources */,
				4065BE1F21AB916A00C9DD2F /* AlbumListCell.xib in Resources */,
				4065BDDE21AB912E00C9DD2F /* LaunchScreen.storyboard in Resources */,
				402330EE21DCCA4D009058E3 /* cloud.json in Resources */,
				406F60ED21D6082300AA369D /* ic_iCloud.pdf in Resources */,
				4065BDDB21AB912E00C9DD2F /* Assets.xcassets in Resources */,
				4065BDD921AB912E00C9DD2F /* Main.storyboard in Resources */,
				4065BE2021AB916A00C9DD2F /* AssetListCell.xib in Resources */,
				4065BE2221AB916A00C9DD2F /* PhotoPicker.storyboard in Resources */,
				4065BE2B21AB928600C9DD2F /* CollectionViewCell.xib in Resources */,
			);
			runOnlyForDeploymentPostprocessing = 0;
		};
/* End PBXResourcesBuildPhase section */

/* Begin PBXShellScriptBuildPhase section */
		108C02BD4E127007AB6E0399 /* [CP] Check Pods Manifest.lock */ = {
			isa = PBXShellScriptBuildPhase;
			buildActionMask = 2147483647;
			files = (
			);
			inputFileListPaths = (
			);
			inputPaths = (
				"${PODS_PODFILE_DIR_PATH}/Podfile.lock",
				"${PODS_ROOT}/Manifest.lock",
			);
			name = "[CP] Check Pods Manifest.lock";
			outputFileListPaths = (
			);
			outputPaths = (
				"$(DERIVED_FILE_DIR)/Pods-PhotoPicker-checkManifestLockResult.txt",
			);
			runOnlyForDeploymentPostprocessing = 0;
			shellPath = /bin/sh;
			shellScript = "diff \"${PODS_PODFILE_DIR_PATH}/Podfile.lock\" \"${PODS_ROOT}/Manifest.lock\" > /dev/null\nif [ $? != 0 ] ; then\n    # print error to STDERR\n    echo \"error: The sandbox is not in sync with the Podfile.lock. Run 'pod install' or update your CocoaPods installation.\" >&2\n    exit 1\nfi\n# This output is used by Xcode 'outputs' to avoid re-running this script phase.\necho \"SUCCESS\" > \"${SCRIPT_OUTPUT_FILE_0}\"\n";
			showEnvVarsInLog = 0;
		};
		9C2276AB0070911CCBF3C9BD /* [CP] Embed Pods Frameworks */ = {
			isa = PBXShellScriptBuildPhase;
			buildActionMask = 2147483647;
			files = (
			);
			inputFileListPaths = (
			);
			inputPaths = (
				"${PODS_ROOT}/Target Support Files/Pods-PhotoPicker/Pods-PhotoPicker-frameworks.sh",
				"${BUILT_PRODUCTS_DIR}/BonMot/BonMot.framework",
				"${BUILT_PRODUCTS_DIR}/Differentiator/Differentiator.framework",
				"${BUILT_PRODUCTS_DIR}/NSObject+Rx/NSObject_Rx.framework",
				"${BUILT_PRODUCTS_DIR}/RxAnimated/RxAnimated.framework",
				"${BUILT_PRODUCTS_DIR}/RxAtomic/RxAtomic.framework",
				"${BUILT_PRODUCTS_DIR}/RxCocoa/RxCocoa.framework",
				"${BUILT_PRODUCTS_DIR}/RxDataSources/RxDataSources.framework",
				"${BUILT_PRODUCTS_DIR}/RxGesture/RxGesture.framework",
				"${BUILT_PRODUCTS_DIR}/RxOptional/RxOptional.framework",
				"${BUILT_PRODUCTS_DIR}/RxSwift/RxSwift.framework",
				"${BUILT_PRODUCTS_DIR}/RxViewController/RxViewController.framework",
				"${BUILT_PRODUCTS_DIR}/SwifterSwift/SwifterSwift.framework",
				"${BUILT_PRODUCTS_DIR}/UIImagePlusPDF/UIImagePlusPDF.framework",
				"${BUILT_PRODUCTS_DIR}/lottie-ios/Lottie.framework",
			);
			name = "[CP] Embed Pods Frameworks";
			outputFileListPaths = (
			);
			outputPaths = (
				"${TARGET_BUILD_DIR}/${FRAMEWORKS_FOLDER_PATH}/BonMot.framework",
				"${TARGET_BUILD_DIR}/${FRAMEWORKS_FOLDER_PATH}/Differentiator.framework",
				"${TARGET_BUILD_DIR}/${FRAMEWORKS_FOLDER_PATH}/NSObject_Rx.framework",
				"${TARGET_BUILD_DIR}/${FRAMEWORKS_FOLDER_PATH}/RxAnimated.framework",
				"${TARGET_BUILD_DIR}/${FRAMEWORKS_FOLDER_PATH}/RxAtomic.framework",
				"${TARGET_BUILD_DIR}/${FRAMEWORKS_FOLDER_PATH}/RxCocoa.framework",
				"${TARGET_BUILD_DIR}/${FRAMEWORKS_FOLDER_PATH}/RxDataSources.framework",
				"${TARGET_BUILD_DIR}/${FRAMEWORKS_FOLDER_PATH}/RxGesture.framework",
				"${TARGET_BUILD_DIR}/${FRAMEWORKS_FOLDER_PATH}/RxOptional.framework",
				"${TARGET_BUILD_DIR}/${FRAMEWORKS_FOLDER_PATH}/RxSwift.framework",
				"${TARGET_BUILD_DIR}/${FRAMEWORKS_FOLDER_PATH}/RxViewController.framework",
				"${TARGET_BUILD_DIR}/${FRAMEWORKS_FOLDER_PATH}/SwifterSwift.framework",
				"${TARGET_BUILD_DIR}/${FRAMEWORKS_FOLDER_PATH}/UIImagePlusPDF.framework",
				"${TARGET_BUILD_DIR}/${FRAMEWORKS_FOLDER_PATH}/Lottie.framework",
			);
			runOnlyForDeploymentPostprocessing = 0;
			shellPath = /bin/sh;
			shellScript = "\"${PODS_ROOT}/Target Support Files/Pods-PhotoPicker/Pods-PhotoPicker-frameworks.sh\"\n";
			showEnvVarsInLog = 0;
		};
/* End PBXShellScriptBuildPhase section */

/* Begin PBXSourcesBuildPhase section */
		4065BDCC21AB912D00C9DD2F /* Sources */ = {
			isa = PBXSourcesBuildPhase;
			buildActionMask = 2147483647;
			files = (
				4065BE0C21AB916A00C9DD2F /* PhotoPickerViewController.swift in Sources */,
				4065BE1221AB916A00C9DD2F /* AssetItem.swift in Sources */,
				4065BE1021AB916A00C9DD2F /* PhotoPickerActionViewController.swift in Sources */,
				4065BE0F21AB916A00C9DD2F /* PhotoPickerConfigManager.swift in Sources */,
				4065BE1E21AB916A00C9DD2F /* PhotoLibrary.swift in Sources */,
				4065BE1521AB916A00C9DD2F /* DividerView.swift in Sources */,
				4065BE0921AB916A00C9DD2F /* UIViewController+AddVC.swift in Sources */,
				4065BE1D21AB916A00C9DD2F /* PhotoLibrary+Extension.swift in Sources */,
				402330EC21DCBC5D009058E3 /* Downloader.swift in Sources */,
				402B28BF21E4884D00BD83F7 /* ProjectFunction.swift in Sources */,
				405B9E2A21BF914900462674 /* PhotoPickerConfig.swift in Sources */,
				408C23C121B13BA600BF762A /* EditView+ScrollViewDelegate.swift in Sources */,
				4065BE1A21AB916A00C9DD2F /* EditView.swift in Sources */,
				403453C321D36724009156B2 /* ResizeTool.swift in Sources */,
				4065BE1921AB916A00C9DD2F /* AssetListCell.swift in Sources */,
				408C23C621B22C5E00BF762A /* TTView.swift in Sources */,
				408C23CA21B2373900BF762A /* Calculate.swift in Sources */,
				4065BE0A21AB916A00C9DD2F /* UICollectionView+Extension.swift in Sources */,
				4065BE0821AB916A00C9DD2F /* UIView+Nib.swift in Sources */,
				408C23C421B22C3B00BF762A /* ThreeViewController.swift in Sources */,
				402B291121E5948300BD83F7 /* FeedbackFunction.swift in Sources */,
				4065BE3321AB962000C9DD2F /* TwoViewController.swift in Sources */,
				40F39EA221B5262D00891B82 /* Export.swift in Sources */,
				4065BE1621AB916A00C9DD2F /* ScreenshotView.swift in Sources */,
				4065BE1421AB916A00C9DD2F /* PhotoPickerAlbumListViewController.swift in Sources */,
				4065BDD621AB912E00C9DD2F /* ViewController.swift in Sources */,
				4065BE1321AB916A00C9DD2F /* EditInfo.swift in Sources */,
				4065BE1C21AB916A00C9DD2F /* ScreenshotTool.swift in Sources */,
				4065BDD421AB912D00C9DD2F /* AppDelegate.swift in Sources */,
				4065BE1B21AB916A00C9DD2F /* Runtime.swift in Sources */,
				4065BE2A21AB928600C9DD2F /* CollectionViewCell.swift in Sources */,
				4065BE1121AB916A00C9DD2F /* AlbumItem.swift in Sources */,
				408C23BF21B1343F00BF762A /* PhotoPickerViewController+Gesture.swift in Sources */,
				4065BE0E21AB916A00C9DD2F /* PhotoPickerAssetListViewController.swift in Sources */,
				4065BE0B21AB916A00C9DD2F /* UITableView+Extension.swift in Sources */,
				40E0A2AB21B8BEEA00883F62 /* UIView+Extension.swift in Sources */,
				40DF138821ACE86F009EDCF9 /* UIImage+Extension.swift in Sources */,
				403453A521D0CA45009156B2 /* PhotoPickerActionViewController+DataSource.swift in Sources */,
				4065BE2721AB925800C9DD2F /* TestView.swift in Sources */,
				401D638021B63371008D6897 /* UIView+Frame.swift in Sources */,
				4065BE1821AB916A00C9DD2F /* AlbumListCell.swift in Sources */,
				40DF138E21ACEAB8009EDCF9 /* AlbumTitleView.swift in Sources */,
				401D637E21B62FE3008D6897 /* UIViewController+SB.swift in Sources */,
				402330EA21DCA4A9009058E3 /* Bundle+Extension.swift in Sources */,
			);
			runOnlyForDeploymentPostprocessing = 0;
		};
/* End PBXSourcesBuildPhase section */

/* Begin PBXVariantGroup section */
		4065BDD721AB912E00C9DD2F /* Main.storyboard */ = {
			isa = PBXVariantGroup;
			children = (
				4065BDD821AB912E00C9DD2F /* Base */,
				402330F121DDF868009058E3 /* zh-Hans */,
			);
			name = Main.storyboard;
			sourceTree = "<group>";
		};
		4065BDDC21AB912E00C9DD2F /* LaunchScreen.storyboard */ = {
			isa = PBXVariantGroup;
			children = (
				4065BDDD21AB912E00C9DD2F /* Base */,
				402330F221DDF868009058E3 /* zh-Hans */,
			);
			name = LaunchScreen.storyboard;
			sourceTree = "<group>";
		};
/* End PBXVariantGroup section */

/* Begin XCBuildConfiguration section */
		4065BDE021AB912E00C9DD2F /* Debug */ = {
			isa = XCBuildConfiguration;
			buildSettings = {
				ALWAYS_SEARCH_USER_PATHS = NO;
				CLANG_ANALYZER_LOCALIZABILITY_NONLOCALIZED = YES;
				CLANG_ANALYZER_NONNULL = YES;
				CLANG_ANALYZER_NUMBER_OBJECT_CONVERSION = YES_AGGRESSIVE;
				CLANG_CXX_LANGUAGE_STANDARD = "gnu++14";
				CLANG_CXX_LIBRARY = "libc++";
				CLANG_ENABLE_MODULES = YES;
				CLANG_ENABLE_OBJC_ARC = YES;
				CLANG_ENABLE_OBJC_WEAK = YES;
				CLANG_WARN_BLOCK_CAPTURE_AUTORELEASING = YES;
				CLANG_WARN_BOOL_CONVERSION = YES;
				CLANG_WARN_COMMA = YES;
				CLANG_WARN_CONSTANT_CONVERSION = YES;
				CLANG_WARN_DEPRECATED_OBJC_IMPLEMENTATIONS = YES;
				CLANG_WARN_DIRECT_OBJC_ISA_USAGE = YES_ERROR;
				CLANG_WARN_DOCUMENTATION_COMMENTS = YES;
				CLANG_WARN_EMPTY_BODY = YES;
				CLANG_WARN_ENUM_CONVERSION = YES;
				CLANG_WARN_INFINITE_RECURSION = YES;
				CLANG_WARN_INT_CONVERSION = YES;
				CLANG_WARN_NON_LITERAL_NULL_CONVERSION = YES;
				CLANG_WARN_OBJC_IMPLICIT_RETAIN_SELF = YES;
				CLANG_WARN_OBJC_LITERAL_CONVERSION = YES;
				CLANG_WARN_OBJC_ROOT_CLASS = YES_ERROR;
				CLANG_WARN_RANGE_LOOP_ANALYSIS = YES;
				CLANG_WARN_STRICT_PROTOTYPES = YES;
				CLANG_WARN_SUSPICIOUS_MOVE = YES;
				CLANG_WARN_UNGUARDED_AVAILABILITY = YES_AGGRESSIVE;
				CLANG_WARN_UNREACHABLE_CODE = YES;
				CLANG_WARN__DUPLICATE_METHOD_MATCH = YES;
				CODE_SIGN_IDENTITY = "iPhone Developer";
				COPY_PHASE_STRIP = NO;
				DEBUG_INFORMATION_FORMAT = dwarf;
				ENABLE_STRICT_OBJC_MSGSEND = YES;
				ENABLE_TESTABILITY = YES;
				GCC_C_LANGUAGE_STANDARD = gnu11;
				GCC_DYNAMIC_NO_PIC = NO;
				GCC_NO_COMMON_BLOCKS = YES;
				GCC_OPTIMIZATION_LEVEL = 0;
				GCC_PREPROCESSOR_DEFINITIONS = (
					"DEBUG=1",
					"$(inherited)",
				);
				GCC_WARN_64_TO_32_BIT_CONVERSION = YES;
				GCC_WARN_ABOUT_RETURN_TYPE = YES_ERROR;
				GCC_WARN_UNDECLARED_SELECTOR = YES;
				GCC_WARN_UNINITIALIZED_AUTOS = YES_AGGRESSIVE;
				GCC_WARN_UNUSED_FUNCTION = YES;
				GCC_WARN_UNUSED_VARIABLE = YES;
				IPHONEOS_DEPLOYMENT_TARGET = 12.1;
				MTL_ENABLE_DEBUG_INFO = INCLUDE_SOURCE;
				MTL_FAST_MATH = YES;
				ONLY_ACTIVE_ARCH = YES;
				SDKROOT = iphoneos;
				SWIFT_ACTIVE_COMPILATION_CONDITIONS = DEBUG;
				SWIFT_OPTIMIZATION_LEVEL = "-Onone";
			};
			name = Debug;
		};
		4065BDE121AB912E00C9DD2F /* Release */ = {
			isa = XCBuildConfiguration;
			buildSettings = {
				ALWAYS_SEARCH_USER_PATHS = NO;
				CLANG_ANALYZER_LOCALIZABILITY_NONLOCALIZED = YES;
				CLANG_ANALYZER_NONNULL = YES;
				CLANG_ANALYZER_NUMBER_OBJECT_CONVERSION = YES_AGGRESSIVE;
				CLANG_CXX_LANGUAGE_STANDARD = "gnu++14";
				CLANG_CXX_LIBRARY = "libc++";
				CLANG_ENABLE_MODULES = YES;
				CLANG_ENABLE_OBJC_ARC = YES;
				CLANG_ENABLE_OBJC_WEAK = YES;
				CLANG_WARN_BLOCK_CAPTURE_AUTORELEASING = YES;
				CLANG_WARN_BOOL_CONVERSION = YES;
				CLANG_WARN_COMMA = YES;
				CLANG_WARN_CONSTANT_CONVERSION = YES;
				CLANG_WARN_DEPRECATED_OBJC_IMPLEMENTATIONS = YES;
				CLANG_WARN_DIRECT_OBJC_ISA_USAGE = YES_ERROR;
				CLANG_WARN_DOCUMENTATION_COMMENTS = YES;
				CLANG_WARN_EMPTY_BODY = YES;
				CLANG_WARN_ENUM_CONVERSION = YES;
				CLANG_WARN_INFINITE_RECURSION = YES;
				CLANG_WARN_INT_CONVERSION = YES;
				CLANG_WARN_NON_LITERAL_NULL_CONVERSION = YES;
				CLANG_WARN_OBJC_IMPLICIT_RETAIN_SELF = YES;
				CLANG_WARN_OBJC_LITERAL_CONVERSION = YES;
				CLANG_WARN_OBJC_ROOT_CLASS = YES_ERROR;
				CLANG_WARN_RANGE_LOOP_ANALYSIS = YES;
				CLANG_WARN_STRICT_PROTOTYPES = YES;
				CLANG_WARN_SUSPICIOUS_MOVE = YES;
				CLANG_WARN_UNGUARDED_AVAILABILITY = YES_AGGRESSIVE;
				CLANG_WARN_UNREACHABLE_CODE = YES;
				CLANG_WARN__DUPLICATE_METHOD_MATCH = YES;
				CODE_SIGN_IDENTITY = "iPhone Developer";
				COPY_PHASE_STRIP = NO;
				DEBUG_INFORMATION_FORMAT = "dwarf-with-dsym";
				ENABLE_NS_ASSERTIONS = NO;
				ENABLE_STRICT_OBJC_MSGSEND = YES;
				GCC_C_LANGUAGE_STANDARD = gnu11;
				GCC_NO_COMMON_BLOCKS = YES;
				GCC_WARN_64_TO_32_BIT_CONVERSION = YES;
				GCC_WARN_ABOUT_RETURN_TYPE = YES_ERROR;
				GCC_WARN_UNDECLARED_SELECTOR = YES;
				GCC_WARN_UNINITIALIZED_AUTOS = YES_AGGRESSIVE;
				GCC_WARN_UNUSED_FUNCTION = YES;
				GCC_WARN_UNUSED_VARIABLE = YES;
				IPHONEOS_DEPLOYMENT_TARGET = 12.1;
				MTL_ENABLE_DEBUG_INFO = NO;
				MTL_FAST_MATH = YES;
				SDKROOT = iphoneos;
				SWIFT_COMPILATION_MODE = wholemodule;
				SWIFT_OPTIMIZATION_LEVEL = "-O";
				VALIDATE_PRODUCT = YES;
			};
			name = Release;
		};
		4065BDE321AB912E00C9DD2F /* Debug */ = {
			isa = XCBuildConfiguration;
			baseConfigurationReference = FA5E209C8B04CA2D9A1B381E /* Pods-PhotoPicker.debug.xcconfig */;
			buildSettings = {
				ASSETCATALOG_COMPILER_APPICON_NAME = AppIcon;
				CODE_SIGN_STYLE = Automatic;
				DEVELOPMENT_TEAM = 334F27LL3L;
				INFOPLIST_FILE = PhotoPicker/Info.plist;
				IPHONEOS_DEPLOYMENT_TARGET = 10.0;
				LD_RUNPATH_SEARCH_PATHS = (
					"$(inherited)",
					"@executable_path/Frameworks",
				);
				PRODUCT_BUNDLE_IDENTIFIER = Record.PhotoPicker;
				PRODUCT_NAME = "$(TARGET_NAME)";
				SWIFT_VERSION = 4.2;
				TARGETED_DEVICE_FAMILY = "1,2";
			};
			name = Debug;
		};
		4065BDE421AB912E00C9DD2F /* Release */ = {
			isa = XCBuildConfiguration;
			baseConfigurationReference = 4DAE2DB6C7858BF91D89D7D1 /* Pods-PhotoPicker.release.xcconfig */;
			buildSettings = {
				ASSETCATALOG_COMPILER_APPICON_NAME = AppIcon;
				CODE_SIGN_STYLE = Automatic;
				DEVELOPMENT_TEAM = 334F27LL3L;
				INFOPLIST_FILE = PhotoPicker/Info.plist;
				IPHONEOS_DEPLOYMENT_TARGET = 10.0;
				LD_RUNPATH_SEARCH_PATHS = (
					"$(inherited)",
					"@executable_path/Frameworks",
				);
				PRODUCT_BUNDLE_IDENTIFIER = Record.PhotoPicker;
				PRODUCT_NAME = "$(TARGET_NAME)";
				SWIFT_VERSION = 4.2;
				TARGETED_DEVICE_FAMILY = "1,2";
			};
			name = Release;
		};
/* End XCBuildConfiguration section */

/* Begin XCConfigurationList section */
		4065BDCB21AB912D00C9DD2F /* Build configuration list for PBXProject "PhotoPicker" */ = {
			isa = XCConfigurationList;
			buildConfigurations = (
				4065BDE021AB912E00C9DD2F /* Debug */,
				4065BDE121AB912E00C9DD2F /* Release */,
			);
			defaultConfigurationIsVisible = 0;
			defaultConfigurationName = Release;
		};
		4065BDE221AB912E00C9DD2F /* Build configuration list for PBXNativeTarget "PhotoPicker" */ = {
			isa = XCConfigurationList;
			buildConfigurations = (
				4065BDE321AB912E00C9DD2F /* Debug */,
				4065BDE421AB912E00C9DD2F /* Release */,
			);
			defaultConfigurationIsVisible = 0;
			defaultConfigurationName = Release;
		};
/* End XCConfigurationList section */
	};
	rootObject = 4065BDC821AB912D00C9DD2F /* Project object */;
}
